// !$*UTF8*$!
{
	archiveVersion = 1;
	classes = {
	};
	objectVersion = 46;
	objects = {

/* Begin PBXBuildFile section */
		151432EC9026908A50A3931A /* Pods_Notification.framework in Frameworks */ = {isa = PBXBuildFile; fileRef = 1BE699D403A7FD59B2CADC76 /* Pods_Notification.framework */; };
		4384A2911FA3593B00C3A0BD /* AsyncNotificationTask.swift in Sources */ = {isa = PBXBuildFile; fileRef = 4384A2901FA3593B00C3A0BD /* AsyncNotificationTask.swift */; };
		494B12A0B563593A30BF7C82 /* Pods_NotificationUITests.framework in Frameworks */ = {isa = PBXBuildFile; fileRef = A406ABC2E4F58C856DAB9C0B /* Pods_NotificationUITests.framework */; };
		7C1203CF1E3A408E007670D2 /* AppDelegate.swift in Sources */ = {isa = PBXBuildFile; fileRef = 7C1203CE1E3A408E007670D2 /* AppDelegate.swift */; };
		7C1203D11E3A408E007670D2 /* ViewController.swift in Sources */ = {isa = PBXBuildFile; fileRef = 7C1203D01E3A408E007670D2 /* ViewController.swift */; };
		7C1203D41E3A408E007670D2 /* Main.storyboard in Resources */ = {isa = PBXBuildFile; fileRef = 7C1203D21E3A408E007670D2 /* Main.storyboard */; };
		7C1203D61E3A408E007670D2 /* Assets.xcassets in Resources */ = {isa = PBXBuildFile; fileRef = 7C1203D51E3A408E007670D2 /* Assets.xcassets */; };
		7C1203D91E3A408E007670D2 /* LaunchScreen.storyboard in Resources */ = {isa = PBXBuildFile; fileRef = 7C1203D71E3A408E007670D2 /* LaunchScreen.storyboard */; };
		7C1203E41E3A408E007670D2 /* NotificationTests.swift in Sources */ = {isa = PBXBuildFile; fileRef = 7C1203E31E3A408E007670D2 /* NotificationTests.swift */; };
		7C1203EF1E3A408E007670D2 /* NotificationUITests.swift in Sources */ = {isa = PBXBuildFile; fileRef = 7C1203EE1E3A408E007670D2 /* NotificationUITests.swift */; };
		7C12040A1E3A4544007670D2 /* MyZoneNotificationBuilder.swift in Sources */ = {isa = PBXBuildFile; fileRef = 7C1204091E3A4544007670D2 /* MyZoneNotificationBuilder.swift */; };
		7CAAFCA11E40C57700A176D0 /* libsqlite3.tbd in Frameworks */ = {isa = PBXBuildFile; fileRef = 7CAAFCA01E40C57700A176D0 /* libsqlite3.tbd */; };
		A8B2C3701FC81F1300C3D98E /* MyNotificationFilter.swift in Sources */ = {isa = PBXBuildFile; fileRef = A8B2C36F1FC81F1300C3D98E /* MyNotificationFilter.swift */; };
		D98FEB05B75B98E6551BF865 /* Pods_NotificationTests.framework in Frameworks */ = {isa = PBXBuildFile; fileRef = 45436CD6B55340D050BB0D8B /* Pods_NotificationTests.framework */; };
/* End PBXBuildFile section */

/* Begin PBXContainerItemProxy section */
		7C1203E01E3A408E007670D2 /* PBXContainerItemProxy */ = {
			isa = PBXContainerItemProxy;
			containerPortal = 7C1203C31E3A408D007670D2 /* Project object */;
			proxyType = 1;
			remoteGlobalIDString = 7C1203CA1E3A408E007670D2;
			remoteInfo = Complete;
		};
		7C1203EB1E3A408E007670D2 /* PBXContainerItemProxy */ = {
			isa = PBXContainerItemProxy;
			containerPortal = 7C1203C31E3A408D007670D2 /* Project object */;
			proxyType = 1;
			remoteGlobalIDString = 7C1203CA1E3A408E007670D2;
			remoteInfo = Complete;
		};
/* End PBXContainerItemProxy section */

/* Begin PBXCopyFilesBuildPhase section */
		7CAAFCB01E40C9AF00A176D0 /* Embed Frameworks */ = {
			isa = PBXCopyFilesBuildPhase;
			buildActionMask = 2147483647;
			dstPath = "";
			dstSubfolderSpec = 10;
			files = (
			);
			name = "Embed Frameworks";
			runOnlyForDeploymentPostprocessing = 0;
		};
/* End PBXCopyFilesBuildPhase section */

/* Begin PBXFileReference section */
		1BE699D403A7FD59B2CADC76 /* Pods_Notification.framework */ = {isa = PBXFileReference; explicitFileType = wrapper.framework; includeInIndex = 0; path = Pods_Notification.framework; sourceTree = BUILT_PRODUCTS_DIR; };
		4384A2901FA3593B00C3A0BD /* AsyncNotificationTask.swift */ = {isa = PBXFileReference; lastKnownFileType = sourcecode.swift; path = AsyncNotificationTask.swift; sourceTree = "<group>"; };
		45436CD6B55340D050BB0D8B /* Pods_NotificationTests.framework */ = {isa = PBXFileReference; explicitFileType = wrapper.framework; includeInIndex = 0; path = Pods_NotificationTests.framework; sourceTree = BUILT_PRODUCTS_DIR; };
		7C1203CB1E3A408E007670D2 /* Notification.app */ = {isa = PBXFileReference; explicitFileType = wrapper.application; includeInIndex = 0; path = Notification.app; sourceTree = BUILT_PRODUCTS_DIR; };
		7C1203CE1E3A408E007670D2 /* AppDelegate.swift */ = {isa = PBXFileReference; lastKnownFileType = sourcecode.swift; path = AppDelegate.swift; sourceTree = "<group>"; };
		7C1203D01E3A408E007670D2 /* ViewController.swift */ = {isa = PBXFileReference; lastKnownFileType = sourcecode.swift; path = ViewController.swift; sourceTree = "<group>"; };
		7C1203D31E3A408E007670D2 /* Base */ = {isa = PBXFileReference; lastKnownFileType = file.storyboard; name = Base; path = Base.lproj/Main.storyboard; sourceTree = "<group>"; };
		7C1203D51E3A408E007670D2 /* Assets.xcassets */ = {isa = PBXFileReference; lastKnownFileType = folder.assetcatalog; path = Assets.xcassets; sourceTree = "<group>"; };
		7C1203D81E3A408E007670D2 /* Base */ = {isa = PBXFileReference; lastKnownFileType = file.storyboard; name = Base; path = Base.lproj/LaunchScreen.storyboard; sourceTree = "<group>"; };
		7C1203DA1E3A408E007670D2 /* Info.plist */ = {isa = PBXFileReference; lastKnownFileType = text.plist.xml; path = Info.plist; sourceTree = "<group>"; };
		7C1203DF1E3A408E007670D2 /* NotificationTests.xctest */ = {isa = PBXFileReference; explicitFileType = wrapper.cfbundle; includeInIndex = 0; path = NotificationTests.xctest; sourceTree = BUILT_PRODUCTS_DIR; };
		7C1203E31E3A408E007670D2 /* NotificationTests.swift */ = {isa = PBXFileReference; lastKnownFileType = sourcecode.swift; path = NotificationTests.swift; sourceTree = "<group>"; };
		7C1203E51E3A408E007670D2 /* Info.plist */ = {isa = PBXFileReference; lastKnownFileType = text.plist.xml; path = Info.plist; sourceTree = "<group>"; };
		7C1203EA1E3A408E007670D2 /* NotificationUITests.xctest */ = {isa = PBXFileReference; explicitFileType = wrapper.cfbundle; includeInIndex = 0; path = NotificationUITests.xctest; sourceTree = BUILT_PRODUCTS_DIR; };
		7C1203EE1E3A408E007670D2 /* NotificationUITests.swift */ = {isa = PBXFileReference; lastKnownFileType = sourcecode.swift; path = NotificationUITests.swift; sourceTree = "<group>"; };
		7C1203F01E3A408E007670D2 /* Info.plist */ = {isa = PBXFileReference; lastKnownFileType = text.plist.xml; path = Info.plist; sourceTree = "<group>"; };
		7C1204091E3A4544007670D2 /* MyZoneNotificationBuilder.swift */ = {isa = PBXFileReference; fileEncoding = 4; lastKnownFileType = sourcecode.swift; path = MyZoneNotificationBuilder.swift; sourceTree = "<group>"; };
		7CAAFCA01E40C57700A176D0 /* libsqlite3.tbd */ = {isa = PBXFileReference; lastKnownFileType = "sourcecode.text-based-dylib-definition"; name = libsqlite3.tbd; path = usr/lib/libsqlite3.tbd; sourceTree = SDKROOT; };
		96F9A56F0EC586A207AC330B /* Pods-NotificationUITests.release.xcconfig */ = {isa = PBXFileReference; includeInIndex = 1; lastKnownFileType = text.xcconfig; name = "Pods-NotificationUITests.release.xcconfig"; path = "Pods/Target Support Files/Pods-NotificationUITests/Pods-NotificationUITests.release.xcconfig"; sourceTree = "<group>"; };
		A406ABC2E4F58C856DAB9C0B /* Pods_NotificationUITests.framework */ = {isa = PBXFileReference; explicitFileType = wrapper.framework; includeInIndex = 0; path = Pods_NotificationUITests.framework; sourceTree = BUILT_PRODUCTS_DIR; };
		A8B2C36F1FC81F1300C3D98E /* MyNotificationFilter.swift */ = {isa = PBXFileReference; lastKnownFileType = sourcecode.swift; path = MyNotificationFilter.swift; sourceTree = "<group>"; };
		CA49653330DCD5FEB355627B /* Pods-NotificationTests.debug.xcconfig */ = {isa = PBXFileReference; includeInIndex = 1; lastKnownFileType = text.xcconfig; name = "Pods-NotificationTests.debug.xcconfig"; path = "Pods/Target Support Files/Pods-NotificationTests/Pods-NotificationTests.debug.xcconfig"; sourceTree = "<group>"; };
		CC1499A1C5862C6B46F77E40 /* Pods-Notification.debug.xcconfig */ = {isa = PBXFileReference; includeInIndex = 1; lastKnownFileType = text.xcconfig; name = "Pods-Notification.debug.xcconfig"; path = "Pods/Target Support Files/Pods-Notification/Pods-Notification.debug.xcconfig"; sourceTree = "<group>"; };
		D212887E0567C6D828936EA6 /* Pods-Notification.release.xcconfig */ = {isa = PBXFileReference; includeInIndex = 1; lastKnownFileType = text.xcconfig; name = "Pods-Notification.release.xcconfig"; path = "Pods/Target Support Files/Pods-Notification/Pods-Notification.release.xcconfig"; sourceTree = "<group>"; };
		D542EDA1BE170866B9C92114 /* Pods-NotificationUITests.debug.xcconfig */ = {isa = PBXFileReference; includeInIndex = 1; lastKnownFileType = text.xcconfig; name = "Pods-NotificationUITests.debug.xcconfig"; path = "Pods/Target Support Files/Pods-NotificationUITests/Pods-NotificationUITests.debug.xcconfig"; sourceTree = "<group>"; };
		EFDEAD692717D6EDC9AC552F /* Pods-NotificationTests.release.xcconfig */ = {isa = PBXFileReference; includeInIndex = 1; lastKnownFileType = text.xcconfig; name = "Pods-NotificationTests.release.xcconfig"; path = "Pods/Target Support Files/Pods-NotificationTests/Pods-NotificationTests.release.xcconfig"; sourceTree = "<group>"; };
/* End PBXFileReference section */

/* Begin PBXFrameworksBuildPhase section */
		7C1203C81E3A408E007670D2 /* Frameworks */ = {
			isa = PBXFrameworksBuildPhase;
			buildActionMask = 2147483647;
			files = (
				7CAAFCA11E40C57700A176D0 /* libsqlite3.tbd in Frameworks */,
				151432EC9026908A50A3931A /* Pods_Notification.framework in Frameworks */,
			);
			runOnlyForDeploymentPostprocessing = 0;
		};
		7C1203DC1E3A408E007670D2 /* Frameworks */ = {
			isa = PBXFrameworksBuildPhase;
			buildActionMask = 2147483647;
			files = (
				D98FEB05B75B98E6551BF865 /* Pods_NotificationTests.framework in Frameworks */,
			);
			runOnlyForDeploymentPostprocessing = 0;
		};
		7C1203E71E3A408E007670D2 /* Frameworks */ = {
			isa = PBXFrameworksBuildPhase;
			buildActionMask = 2147483647;
			files = (
				494B12A0B563593A30BF7C82 /* Pods_NotificationUITests.framework in Frameworks */,
			);
			runOnlyForDeploymentPostprocessing = 0;
		};
/* End PBXFrameworksBuildPhase section */

/* Begin PBXGroup section */
		501293EA3D509251C31D4953 /* Pods */ = {
			isa = PBXGroup;
			children = (
				CC1499A1C5862C6B46F77E40 /* Pods-Notification.debug.xcconfig */,
				D212887E0567C6D828936EA6 /* Pods-Notification.release.xcconfig */,
				CA49653330DCD5FEB355627B /* Pods-NotificationTests.debug.xcconfig */,
				EFDEAD692717D6EDC9AC552F /* Pods-NotificationTests.release.xcconfig */,
				D542EDA1BE170866B9C92114 /* Pods-NotificationUITests.debug.xcconfig */,
				96F9A56F0EC586A207AC330B /* Pods-NotificationUITests.release.xcconfig */,
			);
			name = Pods;
			sourceTree = "<group>";
		};
		7C1203C21E3A408D007670D2 = {
			isa = PBXGroup;
			children = (
				7C1203CD1E3A408E007670D2 /* Notification */,
				7C1203E21E3A408E007670D2 /* NotificationTests */,
				7C1203ED1E3A408E007670D2 /* NotificationUITests */,
				7C1203CC1E3A408E007670D2 /* Products */,
				7CAAFC9F1E40C57700A176D0 /* Frameworks */,
				501293EA3D509251C31D4953 /* Pods */,
			);
			sourceTree = "<group>";
		};
		7C1203CC1E3A408E007670D2 /* Products */ = {
			isa = PBXGroup;
			children = (
				7C1203CB1E3A408E007670D2 /* Notification.app */,
				7C1203DF1E3A408E007670D2 /* NotificationTests.xctest */,
				7C1203EA1E3A408E007670D2 /* NotificationUITests.xctest */,
			);
			name = Products;
			sourceTree = "<group>";
		};
		7C1203CD1E3A408E007670D2 /* Notification */ = {
			isa = PBXGroup;
			children = (
				7C1203CE1E3A408E007670D2 /* AppDelegate.swift */,
				7C1203D01E3A408E007670D2 /* ViewController.swift */,
				7C1204091E3A4544007670D2 /* MyZoneNotificationBuilder.swift */,
				A8B2C36F1FC81F1300C3D98E /* MyNotificationFilter.swift */,
				4384A2901FA3593B00C3A0BD /* AsyncNotificationTask.swift */,
				7C1203D21E3A408E007670D2 /* Main.storyboard */,
				7C1203D51E3A408E007670D2 /* Assets.xcassets */,
				7C1203D71E3A408E007670D2 /* LaunchScreen.storyboard */,
				7C1203DA1E3A408E007670D2 /* Info.plist */,
			);
			path = Notification;
			sourceTree = "<group>";
		};
		7C1203E21E3A408E007670D2 /* NotificationTests */ = {
			isa = PBXGroup;
			children = (
				7C1203E31E3A408E007670D2 /* NotificationTests.swift */,
				7C1203E51E3A408E007670D2 /* Info.plist */,
			);
			path = NotificationTests;
			sourceTree = "<group>";
		};
		7C1203ED1E3A408E007670D2 /* NotificationUITests */ = {
			isa = PBXGroup;
			children = (
				7C1203EE1E3A408E007670D2 /* NotificationUITests.swift */,
				7C1203F01E3A408E007670D2 /* Info.plist */,
			);
			path = NotificationUITests;
			sourceTree = "<group>";
		};
		7CAAFC9F1E40C57700A176D0 /* Frameworks */ = {
			isa = PBXGroup;
			children = (
				7CAAFCA01E40C57700A176D0 /* libsqlite3.tbd */,
				1BE699D403A7FD59B2CADC76 /* Pods_Notification.framework */,
				45436CD6B55340D050BB0D8B /* Pods_NotificationTests.framework */,
				A406ABC2E4F58C856DAB9C0B /* Pods_NotificationUITests.framework */,
			);
			name = Frameworks;
			sourceTree = "<group>";
		};
/* End PBXGroup section */

/* Begin PBXNativeTarget section */
		7C1203CA1E3A408E007670D2 /* Notification */ = {
			isa = PBXNativeTarget;
			buildConfigurationList = 7C1203F31E3A408E007670D2 /* Build configuration list for PBXNativeTarget "Notification" */;
			buildPhases = (
				2F86CCDF0D64C994EFE0EB02 /* [CP] Check Pods Manifest.lock */,
				7C1203C71E3A408E007670D2 /* Sources */,
				7C1203C81E3A408E007670D2 /* Frameworks */,
				7C1203C91E3A408E007670D2 /* Resources */,
				7CAAFCB01E40C9AF00A176D0 /* Embed Frameworks */,
				126413A40BED6C80AC932C0D /* [CP] Embed Pods Frameworks */,
			);
			buildRules = (
			);
			dependencies = (
			);
			name = Notification;
			productName = Complete;
			productReference = 7C1203CB1E3A408E007670D2 /* Notification.app */;
			productType = "com.apple.product-type.application";
		};
		7C1203DE1E3A408E007670D2 /* NotificationTests */ = {
			isa = PBXNativeTarget;
			buildConfigurationList = 7C1203F61E3A408E007670D2 /* Build configuration list for PBXNativeTarget "NotificationTests" */;
			buildPhases = (
				35EB1934D1CCFA58BA441DCD /* [CP] Check Pods Manifest.lock */,
				7C1203DB1E3A408E007670D2 /* Sources */,
				7C1203DC1E3A408E007670D2 /* Frameworks */,
				7C1203DD1E3A408E007670D2 /* Resources */,
			);
			buildRules = (
			);
			dependencies = (
				7C1203E11E3A408E007670D2 /* PBXTargetDependency */,
			);
			name = NotificationTests;
			productName = CompleteTests;
			productReference = 7C1203DF1E3A408E007670D2 /* NotificationTests.xctest */;
			productType = "com.apple.product-type.bundle.unit-test";
		};
		7C1203E91E3A408E007670D2 /* NotificationUITests */ = {
			isa = PBXNativeTarget;
			buildConfigurationList = 7C1203F91E3A408E007670D2 /* Build configuration list for PBXNativeTarget "NotificationUITests" */;
			buildPhases = (
				CF9C3141DE062982420A21AB /* [CP] Check Pods Manifest.lock */,
				7C1203E61E3A408E007670D2 /* Sources */,
				7C1203E71E3A408E007670D2 /* Frameworks */,
				7C1203E81E3A408E007670D2 /* Resources */,
			);
			buildRules = (
			);
			dependencies = (
				7C1203EC1E3A408E007670D2 /* PBXTargetDependency */,
			);
			name = NotificationUITests;
			productName = CompleteUITests;
			productReference = 7C1203EA1E3A408E007670D2 /* NotificationUITests.xctest */;
			productType = "com.apple.product-type.bundle.ui-testing";
		};
/* End PBXNativeTarget section */

/* Begin PBXProject section */
		7C1203C31E3A408D007670D2 /* Project object */ = {
			isa = PBXProject;
			attributes = {
				LastSwiftUpdateCheck = 0820;
				LastUpgradeCheck = 0900;
				ORGANIZATIONNAME = Connecthings;
				TargetAttributes = {
					7C1203CA1E3A408E007670D2 = {
						CreatedOnToolsVersion = 8.2.1;
						DevelopmentTeam = 3T67HE76NG;
						ProvisioningStyle = Manual;
					};
					7C1203DE1E3A408E007670D2 = {
						CreatedOnToolsVersion = 8.2.1;
						DevelopmentTeam = 3T67HE76NG;
						ProvisioningStyle = Automatic;
						TestTargetID = 7C1203CA1E3A408E007670D2;
					};
					7C1203E91E3A408E007670D2 = {
						CreatedOnToolsVersion = 8.2.1;
						DevelopmentTeam = 3T67HE76NG;
						ProvisioningStyle = Automatic;
						TestTargetID = 7C1203CA1E3A408E007670D2;
					};
				};
			};
			buildConfigurationList = 7C1203C61E3A408D007670D2 /* Build configuration list for PBXProject "Notification" */;
			compatibilityVersion = "Xcode 3.2";
			developmentRegion = English;
			hasScannedForEncodings = 0;
			knownRegions = (
				English,
				en,
				Base,
			);
			mainGroup = 7C1203C21E3A408D007670D2;
			productRefGroup = 7C1203CC1E3A408E007670D2 /* Products */;
			projectDirPath = "";
			projectRoot = "";
			targets = (
				7C1203CA1E3A408E007670D2 /* Notification */,
				7C1203DE1E3A408E007670D2 /* NotificationTests */,
				7C1203E91E3A408E007670D2 /* NotificationUITests */,
			);
		};
/* End PBXProject section */

/* Begin PBXResourcesBuildPhase section */
		7C1203C91E3A408E007670D2 /* Resources */ = {
			isa = PBXResourcesBuildPhase;
			buildActionMask = 2147483647;
			files = (
				7C1203D91E3A408E007670D2 /* LaunchScreen.storyboard in Resources */,
				7C1203D61E3A408E007670D2 /* Assets.xcassets in Resources */,
				7C1203D41E3A408E007670D2 /* Main.storyboard in Resources */,
			);
			runOnlyForDeploymentPostprocessing = 0;
		};
		7C1203DD1E3A408E007670D2 /* Resources */ = {
			isa = PBXResourcesBuildPhase;
			buildActionMask = 2147483647;
			files = (
			);
			runOnlyForDeploymentPostprocessing = 0;
		};
		7C1203E81E3A408E007670D2 /* Resources */ = {
			isa = PBXResourcesBuildPhase;
			buildActionMask = 2147483647;
			files = (
			);
			runOnlyForDeploymentPostprocessing = 0;
		};
/* End PBXResourcesBuildPhase section */

/* Begin PBXShellScriptBuildPhase section */
		126413A40BED6C80AC932C0D /* [CP] Embed Pods Frameworks */ = {
			isa = PBXShellScriptBuildPhase;
			buildActionMask = 2147483647;
			files = (
			);
			inputPaths = (
				"${PODS_ROOT}/Target Support Files/Pods-Notification/Pods-Notification-frameworks.sh",
				"${BUILT_PRODUCTS_DIR}/CocoaLumberjack/CocoaLumberjack.framework",
				"${PODS_ROOT}/ConnectPlaceActions/ConnectPlaceActions.framework",
				"${PODS_ROOT}/ConnectPlaceBeaconDetection/ConnectPlaceBeaconDetection.framework",
				"${PODS_ROOT}/ConnectPlaceCommon/ConnectPlaceCommon.framework",
				"${PODS_ROOT}/ConnectPlaceDetection/ConnectPlaceDetection.framework",
				"${PODS_ROOT}/ConnectPlaceGeoDetection/ConnectPlaceGeoDetection.framework",
				"${PODS_ROOT}/ConnectPlaceProvider/ConnectPlaceProvider.framework",
				"${PODS_ROOT}/HerowAnalytics/HerowAnalytics.framework",
				"${PODS_ROOT}/HerowConnection/HerowConnection.framework",
				"${PODS_ROOT}/HerowLocationDetection/HerowLocationDetection.framework",
				"${BUILT_PRODUCTS_DIR}/PromiseKit/PromiseKit.framework",
			);
			name = "[CP] Embed Pods Frameworks";
			outputPaths = (
				"${TARGET_BUILD_DIR}/${FRAMEWORKS_FOLDER_PATH}/CocoaLumberjack.framework",
				"${TARGET_BUILD_DIR}/${FRAMEWORKS_FOLDER_PATH}/ConnectPlaceActions.framework",
				"${TARGET_BUILD_DIR}/${FRAMEWORKS_FOLDER_PATH}/ConnectPlaceBeaconDetection.framework",
				"${TARGET_BUILD_DIR}/${FRAMEWORKS_FOLDER_PATH}/ConnectPlaceCommon.framework",
				"${TARGET_BUILD_DIR}/${FRAMEWORKS_FOLDER_PATH}/ConnectPlaceDetection.framework",
				"${TARGET_BUILD_DIR}/${FRAMEWORKS_FOLDER_PATH}/ConnectPlaceGeoDetection.framework",
				"${TARGET_BUILD_DIR}/${FRAMEWORKS_FOLDER_PATH}/ConnectPlaceProvider.framework",
				"${TARGET_BUILD_DIR}/${FRAMEWORKS_FOLDER_PATH}/HerowAnalytics.framework",
				"${TARGET_BUILD_DIR}/${FRAMEWORKS_FOLDER_PATH}/HerowConnection.framework",
				"${TARGET_BUILD_DIR}/${FRAMEWORKS_FOLDER_PATH}/HerowLocationDetection.framework",
				"${TARGET_BUILD_DIR}/${FRAMEWORKS_FOLDER_PATH}/PromiseKit.framework",
			);
			runOnlyForDeploymentPostprocessing = 0;
			shellPath = /bin/sh;
			shellScript = "\"${PODS_ROOT}/Target Support Files/Pods-Notification/Pods-Notification-frameworks.sh\"\n";
			showEnvVarsInLog = 0;
		};
		2F86CCDF0D64C994EFE0EB02 /* [CP] Check Pods Manifest.lock */ = {
			isa = PBXShellScriptBuildPhase;
			buildActionMask = 2147483647;
			files = (
			);
			inputPaths = (
				"${PODS_PODFILE_DIR_PATH}/Podfile.lock",
				"${PODS_ROOT}/Manifest.lock",
			);
			name = "[CP] Check Pods Manifest.lock";
			outputPaths = (
				"$(DERIVED_FILE_DIR)/Pods-Notification-checkManifestLockResult.txt",
			);
			runOnlyForDeploymentPostprocessing = 0;
			shellPath = /bin/sh;
			shellScript = "diff \"${PODS_PODFILE_DIR_PATH}/Podfile.lock\" \"${PODS_ROOT}/Manifest.lock\" > /dev/null\nif [ $? != 0 ] ; then\n    # print error to STDERR\n    echo \"error: The sandbox is not in sync with the Podfile.lock. Run 'pod install' or update your CocoaPods installation.\" >&2\n    exit 1\nfi\n# This output is used by Xcode 'outputs' to avoid re-running this script phase.\necho \"SUCCESS\" > \"${SCRIPT_OUTPUT_FILE_0}\"\n";
			showEnvVarsInLog = 0;
		};
		35EB1934D1CCFA58BA441DCD /* [CP] Check Pods Manifest.lock */ = {
			isa = PBXShellScriptBuildPhase;
			buildActionMask = 2147483647;
			files = (
			);
			inputPaths = (
				"${PODS_PODFILE_DIR_PATH}/Podfile.lock",
				"${PODS_ROOT}/Manifest.lock",
			);
			name = "[CP] Check Pods Manifest.lock";
			outputPaths = (
				"$(DERIVED_FILE_DIR)/Pods-NotificationTests-checkManifestLockResult.txt",
			);
			runOnlyForDeploymentPostprocessing = 0;
			shellPath = /bin/sh;
			shellScript = "diff \"${PODS_PODFILE_DIR_PATH}/Podfile.lock\" \"${PODS_ROOT}/Manifest.lock\" > /dev/null\nif [ $? != 0 ] ; then\n    # print error to STDERR\n    echo \"error: The sandbox is not in sync with the Podfile.lock. Run 'pod install' or update your CocoaPods installation.\" >&2\n    exit 1\nfi\n# This output is used by Xcode 'outputs' to avoid re-running this script phase.\necho \"SUCCESS\" > \"${SCRIPT_OUTPUT_FILE_0}\"\n";
			showEnvVarsInLog = 0;
		};
		CF9C3141DE062982420A21AB /* [CP] Check Pods Manifest.lock */ = {
			isa = PBXShellScriptBuildPhase;
			buildActionMask = 2147483647;
			files = (
			);
			inputFileListPaths = (
			);
			inputPaths = (
				"${PODS_PODFILE_DIR_PATH}/Podfile.lock",
				"${PODS_ROOT}/Manifest.lock",
			);
			name = "[CP] Check Pods Manifest.lock";
			outputFileListPaths = (
			);
			outputPaths = (
				"$(DERIVED_FILE_DIR)/Pods-NotificationUITests-checkManifestLockResult.txt",
			);
			runOnlyForDeploymentPostprocessing = 0;
			shellPath = /bin/sh;
			shellScript = "diff \"${PODS_PODFILE_DIR_PATH}/Podfile.lock\" \"${PODS_ROOT}/Manifest.lock\" > /dev/null\nif [ $? != 0 ] ; then\n    # print error to STDERR\n    echo \"error: The sandbox is not in sync with the Podfile.lock. Run 'pod install' or update your CocoaPods installation.\" >&2\n    exit 1\nfi\n# This output is used by Xcode 'outputs' to avoid re-running this script phase.\necho \"SUCCESS\" > \"${SCRIPT_OUTPUT_FILE_0}\"\n";
			showEnvVarsInLog = 0;
		};
/* End PBXShellScriptBuildPhase section */

/* Begin PBXSourcesBuildPhase section */
		7C1203C71E3A408E007670D2 /* Sources */ = {
			isa = PBXSourcesBuildPhase;
			buildActionMask = 2147483647;
			files = (
				7C1203D11E3A408E007670D2 /* ViewController.swift in Sources */,
				7C12040A1E3A4544007670D2 /* MyZoneNotificationBuilder.swift in Sources */,
				A8B2C3701FC81F1300C3D98E /* MyNotificationFilter.swift in Sources */,
				4384A2911FA3593B00C3A0BD /* AsyncNotificationTask.swift in Sources */,
				7C1203CF1E3A408E007670D2 /* AppDelegate.swift in Sources */,
			);
			runOnlyForDeploymentPostprocessing = 0;
		};
		7C1203DB1E3A408E007670D2 /* Sources */ = {
			isa = PBXSourcesBuildPhase;
			buildActionMask = 2147483647;
			files = (
				7C1203E41E3A408E007670D2 /* NotificationTests.swift in Sources */,
			);
			runOnlyForDeploymentPostprocessing = 0;
		};
		7C1203E61E3A408E007670D2 /* Sources */ = {
			isa = PBXSourcesBuildPhase;
			buildActionMask = 2147483647;
			files = (
				7C1203EF1E3A408E007670D2 /* NotificationUITests.swift in Sources */,
			);
			runOnlyForDeploymentPostprocessing = 0;
		};
/* End PBXSourcesBuildPhase section */

/* Begin PBXTargetDependency section */
		7C1203E11E3A408E007670D2 /* PBXTargetDependency */ = {
			isa = PBXTargetDependency;
			target = 7C1203CA1E3A408E007670D2 /* Notification */;
			targetProxy = 7C1203E01E3A408E007670D2 /* PBXContainerItemProxy */;
		};
		7C1203EC1E3A408E007670D2 /* PBXTargetDependency */ = {
			isa = PBXTargetDependency;
			target = 7C1203CA1E3A408E007670D2 /* Notification */;
			targetProxy = 7C1203EB1E3A408E007670D2 /* PBXContainerItemProxy */;
		};
/* End PBXTargetDependency section */

/* Begin PBXVariantGroup section */
		7C1203D21E3A408E007670D2 /* Main.storyboard */ = {
			isa = PBXVariantGroup;
			children = (
				7C1203D31E3A408E007670D2 /* Base */,
			);
			name = Main.storyboard;
			sourceTree = "<group>";
		};
		7C1203D71E3A408E007670D2 /* LaunchScreen.storyboard */ = {
			isa = PBXVariantGroup;
			children = (
				7C1203D81E3A408E007670D2 /* Base */,
			);
			name = LaunchScreen.storyboard;
			sourceTree = "<group>";
		};
/* End PBXVariantGroup section */

/* Begin XCBuildConfiguration section */
		7C1203F11E3A408E007670D2 /* Debug */ = {
			isa = XCBuildConfiguration;
			buildSettings = {
				ALWAYS_SEARCH_USER_PATHS = NO;
				CLANG_ANALYZER_NONNULL = YES;
				CLANG_CXX_LANGUAGE_STANDARD = "gnu++0x";
				CLANG_CXX_LIBRARY = "libc++";
				CLANG_ENABLE_MODULES = YES;
				CLANG_ENABLE_OBJC_ARC = YES;
				CLANG_WARN_BLOCK_CAPTURE_AUTORELEASING = YES;
				CLANG_WARN_BOOL_CONVERSION = YES;
				CLANG_WARN_COMMA = YES;
				CLANG_WARN_CONSTANT_CONVERSION = YES;
				CLANG_WARN_DIRECT_OBJC_ISA_USAGE = YES_ERROR;
				CLANG_WARN_DOCUMENTATION_COMMENTS = YES;
				CLANG_WARN_EMPTY_BODY = YES;
				CLANG_WARN_ENUM_CONVERSION = YES;
				CLANG_WARN_INFINITE_RECURSION = YES;
				CLANG_WARN_INT_CONVERSION = YES;
				CLANG_WARN_NON_LITERAL_NULL_CONVERSION = YES;
				CLANG_WARN_OBJC_LITERAL_CONVERSION = YES;
				CLANG_WARN_OBJC_ROOT_CLASS = YES_ERROR;
				CLANG_WARN_RANGE_LOOP_ANALYSIS = YES;
				CLANG_WARN_STRICT_PROTOTYPES = YES;
				CLANG_WARN_SUSPICIOUS_MOVE = YES;
				CLANG_WARN_UNREACHABLE_CODE = YES;
				CLANG_WARN__DUPLICATE_METHOD_MATCH = YES;
				"CODE_SIGN_IDENTITY[sdk=iphoneos*]" = "iPhone Developer";
				COPY_PHASE_STRIP = NO;
				DEBUG_INFORMATION_FORMAT = dwarf;
				ENABLE_STRICT_OBJC_MSGSEND = YES;
				ENABLE_TESTABILITY = YES;
				GCC_C_LANGUAGE_STANDARD = gnu99;
				GCC_DYNAMIC_NO_PIC = NO;
				GCC_NO_COMMON_BLOCKS = YES;
				GCC_OPTIMIZATION_LEVEL = 0;
				GCC_PREPROCESSOR_DEFINITIONS = (
					"DEBUG=1",
					"$(inherited)",
				);
				GCC_WARN_64_TO_32_BIT_CONVERSION = YES;
				GCC_WARN_ABOUT_RETURN_TYPE = YES_ERROR;
				GCC_WARN_UNDECLARED_SELECTOR = YES;
				GCC_WARN_UNINITIALIZED_AUTOS = YES_AGGRESSIVE;
				GCC_WARN_UNUSED_FUNCTION = YES;
				GCC_WARN_UNUSED_VARIABLE = YES;
				IPHONEOS_DEPLOYMENT_TARGET = 10.2;
				MTL_ENABLE_DEBUG_INFO = YES;
				ONLY_ACTIVE_ARCH = YES;
				SDKROOT = iphoneos;
				SWIFT_ACTIVE_COMPILATION_CONDITIONS = DEBUG;
				SWIFT_OPTIMIZATION_LEVEL = "-Onone";
				SWIFT_VERSION = 5.0;
				TARGETED_DEVICE_FAMILY = "1,2";
			};
			name = Debug;
		};
		7C1203F21E3A408E007670D2 /* Release */ = {
			isa = XCBuildConfiguration;
			buildSettings = {
				ALWAYS_SEARCH_USER_PATHS = NO;
				CLANG_ANALYZER_NONNULL = YES;
				CLANG_CXX_LANGUAGE_STANDARD = "gnu++0x";
				CLANG_CXX_LIBRARY = "libc++";
				CLANG_ENABLE_MODULES = YES;
				CLANG_ENABLE_OBJC_ARC = YES;
				CLANG_WARN_BLOCK_CAPTURE_AUTORELEASING = YES;
				CLANG_WARN_BOOL_CONVERSION = YES;
				CLANG_WARN_COMMA = YES;
				CLANG_WARN_CONSTANT_CONVERSION = YES;
				CLANG_WARN_DIRECT_OBJC_ISA_USAGE = YES_ERROR;
				CLANG_WARN_DOCUMENTATION_COMMENTS = YES;
				CLANG_WARN_EMPTY_BODY = YES;
				CLANG_WARN_ENUM_CONVERSION = YES;
				CLANG_WARN_INFINITE_RECURSION = YES;
				CLANG_WARN_INT_CONVERSION = YES;
				CLANG_WARN_NON_LITERAL_NULL_CONVERSION = YES;
				CLANG_WARN_OBJC_LITERAL_CONVERSION = YES;
				CLANG_WARN_OBJC_ROOT_CLASS = YES_ERROR;
				CLANG_WARN_RANGE_LOOP_ANALYSIS = YES;
				CLANG_WARN_STRICT_PROTOTYPES = YES;
				CLANG_WARN_SUSPICIOUS_MOVE = YES;
				CLANG_WARN_UNREACHABLE_CODE = YES;
				CLANG_WARN__DUPLICATE_METHOD_MATCH = YES;
				"CODE_SIGN_IDENTITY[sdk=iphoneos*]" = "iPhone Developer";
				COPY_PHASE_STRIP = NO;
				DEBUG_INFORMATION_FORMAT = "dwarf-with-dsym";
				ENABLE_NS_ASSERTIONS = NO;
				ENABLE_STRICT_OBJC_MSGSEND = YES;
				GCC_C_LANGUAGE_STANDARD = gnu99;
				GCC_NO_COMMON_BLOCKS = YES;
				GCC_WARN_64_TO_32_BIT_CONVERSION = YES;
				GCC_WARN_ABOUT_RETURN_TYPE = YES_ERROR;
				GCC_WARN_UNDECLARED_SELECTOR = YES;
				GCC_WARN_UNINITIALIZED_AUTOS = YES_AGGRESSIVE;
				GCC_WARN_UNUSED_FUNCTION = YES;
				GCC_WARN_UNUSED_VARIABLE = YES;
				IPHONEOS_DEPLOYMENT_TARGET = 10.2;
				MTL_ENABLE_DEBUG_INFO = NO;
				SDKROOT = iphoneos;
				SWIFT_OPTIMIZATION_LEVEL = "-Owholemodule";
				SWIFT_VERSION = 5.0;
				TARGETED_DEVICE_FAMILY = "1,2";
				VALIDATE_PRODUCT = YES;
			};
			name = Release;
		};
		7C1203F41E3A408E007670D2 /* Debug */ = {
			isa = XCBuildConfiguration;
			baseConfigurationReference = CC1499A1C5862C6B46F77E40 /* Pods-Notification.debug.xcconfig */;
			buildSettings = {
				ASSETCATALOG_COMPILER_APPICON_NAME = AppIcon;
				CODE_SIGN_IDENTITY = "iPhone Developer";
				CODE_SIGN_STYLE = Manual;
				DEVELOPMENT_TEAM = 3T67HE76NG;
				FRAMEWORK_SEARCH_PATHS = (
					"$(inherited)",
					"$(PROJECT_DIR)/Notification",
				);
				INFOPLIST_FILE = Notification/Info.plist;
				IPHONEOS_DEPLOYMENT_TARGET = 10.0;
				LD_RUNPATH_SEARCH_PATHS = "$(inherited) @executable_path/Frameworks";
				PRODUCT_BUNDLE_IDENTIFIER = com.connecthings.notifications;
				PRODUCT_NAME = "$(TARGET_NAME)";
				PROVISIONING_PROFILE_SPECIFIER = tuto;
				SWIFT_VERSION = 5.0;
			};
			name = Debug;
		};
		7C1203F51E3A408E007670D2 /* Release */ = {
			isa = XCBuildConfiguration;
			baseConfigurationReference = D212887E0567C6D828936EA6 /* Pods-Notification.release.xcconfig */;
			buildSettings = {
				ASSETCATALOG_COMPILER_APPICON_NAME = AppIcon;
				CODE_SIGN_IDENTITY = "iPhone Distribution";
				CODE_SIGN_STYLE = Manual;
				DEVELOPMENT_TEAM = 3T67HE76NG;
				FRAMEWORK_SEARCH_PATHS = (
					"$(inherited)",
					"$(PROJECT_DIR)/Notification",
				);
				INFOPLIST_FILE = Notification/Info.plist;
				IPHONEOS_DEPLOYMENT_TARGET = 10.0;
				LD_RUNPATH_SEARCH_PATHS = "$(inherited) @executable_path/Frameworks";
				PRODUCT_BUNDLE_IDENTIFIER = connecthings.Notification;
				PRODUCT_NAME = "$(TARGET_NAME)";
				PROVISIONING_PROFILE_SPECIFIER = "XC iOS: *";
				SWIFT_VERSION = 5.0;
			};
			name = Release;
		};
		7C1203F71E3A408E007670D2 /* Debug */ = {
			isa = XCBuildConfiguration;
			baseConfigurationReference = CA49653330DCD5FEB355627B /* Pods-NotificationTests.debug.xcconfig */;
			buildSettings = {
				ALWAYS_EMBED_SWIFT_STANDARD_LIBRARIES = YES;
				BUNDLE_LOADER = "$(TEST_HOST)";
				DEVELOPMENT_TEAM = 3T67HE76NG;
				INFOPLIST_FILE = NotificationTests/Info.plist;
				LD_RUNPATH_SEARCH_PATHS = "$(inherited) @executable_path/Frameworks @loader_path/Frameworks";
				PRODUCT_BUNDLE_IDENTIFIER = connecthings.NotificationTests;
				PRODUCT_NAME = "$(TARGET_NAME)";
				SWIFT_VERSION = 5.0;
				TEST_HOST = "$(BUILT_PRODUCTS_DIR)/Notification.app/Notification";
			};
			name = Debug;
		};
		7C1203F81E3A408E007670D2 /* Release */ = {
			isa = XCBuildConfiguration;
			baseConfigurationReference = EFDEAD692717D6EDC9AC552F /* Pods-NotificationTests.release.xcconfig */;
			buildSettings = {
				ALWAYS_EMBED_SWIFT_STANDARD_LIBRARIES = YES;
				BUNDLE_LOADER = "$(TEST_HOST)";
				DEVELOPMENT_TEAM = 3T67HE76NG;
				INFOPLIST_FILE = NotificationTests/Info.plist;
				LD_RUNPATH_SEARCH_PATHS = "$(inherited) @executable_path/Frameworks @loader_path/Frameworks";
				PRODUCT_BUNDLE_IDENTIFIER = connecthings.NotificationTests;
				PRODUCT_NAME = "$(TARGET_NAME)";
				SWIFT_VERSION = 5.0;
				TEST_HOST = "$(BUILT_PRODUCTS_DIR)/Notification.app/Notification";
			};
			name = Release;
		};
		7C1203FA1E3A408E007670D2 /* Debug */ = {
			isa = XCBuildConfiguration;
			baseConfigurationReference = D542EDA1BE170866B9C92114 /* Pods-NotificationUITests.debug.xcconfig */;
			buildSettings = {
				ALWAYS_EMBED_SWIFT_STANDARD_LIBRARIES = YES;
				DEVELOPMENT_TEAM = 3T67HE76NG;
				INFOPLIST_FILE = NotificationUITests/Info.plist;
				LD_RUNPATH_SEARCH_PATHS = "$(inherited) @executable_path/Frameworks @loader_path/Frameworks";
				PRODUCT_BUNDLE_IDENTIFIER = connecthings.NotificationUITests;
				PRODUCT_NAME = "$(TARGET_NAME)";
				SWIFT_VERSION = 5.0;
				TEST_TARGET_NAME = Notification;
			};
			name = Debug;
		};
		7C1203FB1E3A408E007670D2 /* Release */ = {
			isa = XCBuildConfiguration;
			baseConfigurationReference = 96F9A56F0EC586A207AC330B /* Pods-NotificationUITests.release.xcconfig */;
			buildSettings = {
				ALWAYS_EMBED_SWIFT_STANDARD_LIBRARIES = YES;
				DEVELOPMENT_TEAM = 3T67HE76NG;
				INFOPLIST_FILE = NotificationUITests/Info.plist;
				LD_RUNPATH_SEARCH_PATHS = "$(inherited) @executable_path/Frameworks @loader_path/Frameworks";
				PRODUCT_BUNDLE_IDENTIFIER = connecthings.NotificationUITests;
				PRODUCT_NAME = "$(TARGET_NAME)";
				SWIFT_VERSION = 5.0;
				TEST_TARGET_NAME = Notification;
			};
			name = Release;
		};
/* End XCBuildConfiguration section */

/* Begin XCConfigurationList section */
		7C1203C61E3A408D007670D2 /* Build configuration list for PBXProject "Notification" */ = {
			isa = XCConfigurationList;
			buildConfigurations = (
				7C1203F11E3A408E007670D2 /* Debug */,
				7C1203F21E3A408E007670D2 /* Release */,
			);
			defaultConfigurationIsVisible = 0;
			defaultConfigurationName = Release;
		};
		7C1203F31E3A408E007670D2 /* Build configuration list for PBXNativeTarget "Notification" */ = {
			isa = XCConfigurationList;
			buildConfigurations = (
				7C1203F41E3A408E007670D2 /* Debug */,
				7C1203F51E3A408E007670D2 /* Release */,
			);
			defaultConfigurationIsVisible = 0;
			defaultConfigurationName = Release;
		};
		7C1203F61E3A408E007670D2 /* Build configuration list for PBXNativeTarget "NotificationTests" */ = {
			isa = XCConfigurationList;
			buildConfigurations = (
				7C1203F71E3A408E007670D2 /* Debug */,
				7C1203F81E3A408E007670D2 /* Release */,
			);
			defaultConfigurationIsVisible = 0;
			defaultConfigurationName = Release;
		};
		7C1203F91E3A408E007670D2 /* Build configuration list for PBXNativeTarget "NotificationUITests" */ = {
			isa = XCConfigurationList;
			buildConfigurations = (
				7C1203FA1E3A408E007670D2 /* Debug */,
				7C1203FB1E3A408E007670D2 /* Release */,
			);
			defaultConfigurationIsVisible = 0;
			defaultConfigurationName = Release;
		};
/* End XCConfigurationList section */
	};
	rootObject = 7C1203C31E3A408D007670D2 /* Project object */;
}
